
Microsoft Visual Studio Solution File, Format Version 12.00
# Visual Studio Version 17
VisualStudioVersion = 17.6.33723.286
MinimumVisualStudioVersion = 10.0.40219.1
Project("{9A19103F-16F7-4668-BE54-9A1E7A4F7556}") = "test", "test.csproj", "{C53450D9-DAE5-454B-8801-0F5D10E5F0A3}"
EndProject
Global
	GlobalSection(SolutionConfigurationPlatforms) = preSolution
		Debug|Any CPU = Debug|Any CPU
		Release|Any CPU = Release|Any CPU
	EndGlobalSection
	GlobalSection(ProjectConfigurationPlatforms) = postSolution
		{C53450D9-DAE5-454B-8801-0F5D10E5F0A3}.Debug|Any CPU.ActiveCfg = Debug|Any CPU
		{C53450D9-DAE5-454B-8801-0F5D10E5F0A3}.Debug|Any CPU.Build.0 = Debug|Any CPU
		{C53450D9-DAE5-454B-8801-0F5D10E5F0A3}.Release|Any CPU.ActiveCfg = Release|Any CPU
		{C53450D9-DAE5-454B-8801-0F5D10E5F0A3}.Release|Any CPU.Build.0 = Release|Any CPU
	EndGlobalSection
	GlobalSection(SolutionProperties) = preSolution
		HideSolutionNode = FALSE
	EndGlobalSection
	GlobalSection(ExtensibilityGlobals) = postSolution
		SolutionGuid = {6D6E14C4-C774-4A35-88AF-5A8C448272C8}
	EndGlobalSection
EndGlobal
